# This file is automatically @generated by Cargo.
# It is not intended for manual editing.
[[package]]
name = "callback"
version = "0.5.2"
source = "registry+https://github.com/rust-lang/crates.io-index"
checksum = "47dff6ea96499c981478b844e2ab2d0c7e7f1f03d7637a275f2b249d0482d09f"
dependencies = [
 "lazy_static",
 "spin 0.7.1",
]

[[package]]
name = "cstring"
version = "0.0.5"
source = "registry+https://github.com/rust-lang/crates.io-index"
checksum = "6a6be7aa61a2402d73972555cac532536403401be1813054ca57cfc44b9b56f3"
dependencies = [
 "cty",
 "memchr",
]

[[package]]
name = "cty"
version = "0.2.1"
source = "registry+https://github.com/rust-lang/crates.io-index"
checksum = "7313c0d620d0cb4dbd9d019e461a4beb501071ff46ec0ab933efb4daa76d73e3"

[[package]]
name = "example"
version = "0.1.0"
dependencies = [
 "executor",
 "js",
 "web",
]

[[package]]
name = "executor"
version = "0.8.1"
dependencies = [
 "lazy_static",
 "spin 0.5.2",
 "woke",
]

[[package]]
name = "html_color"
version = "0.0.0"
source = "registry+https://github.com/rust-lang/crates.io-index"
checksum = "8777025fb1b6f012d0ae9aeba4639cc463cc509a74bf36b80bfe70e9a5bba23e"

[[package]]
name = "js"
version = "0.2.12"
source = "registry+https://github.com/rust-lang/crates.io-index"
checksum = "b39adaa6d740aea234cb2ea1f765472bc0a71d5bfa93523e6f371b238cdbf50a"
dependencies = [
 "callback",
 "cstring",
 "lazy_static",
]

[[package]]
name = "lazy_static"
version = "1.4.0"
source = "registry+https://github.com/rust-lang/crates.io-index"
checksum = "e2abad23fbc42b3700f2f279844dc832adb2b2eb069b2df918f455c4e18cc646"
dependencies = [
 "spin 0.5.2",
]

[[package]]
name = "memchr"
version = "2.3.4"
source = "registry+https://github.com/rust-lang/crates.io-index"
checksum = "0ee1c47aaa256ecabcaea351eae4a9b01ef39ed810004e298d2511ed284b1525"

[[package]]
name = "spin"
version = "0.5.2"
source = "registry+https://github.com/rust-lang/crates.io-index"
checksum = "6e63cff320ae2c57904679ba7cb63280a3dc4613885beafb148ee7bf9aa9042d"

[[package]]
name = "spin"
version = "0.7.1"
source = "registry+https://github.com/rust-lang/crates.io-index"
checksum = "13287b4da9d1207a4f4929ac390916d64eacfe236a487e9a9f5b3be392be5162"

[[package]]
name = "web"
version = "0.1.9"
source = "registry+https://github.com/rust-lang/crates.io-index"
checksum = "1f4f82af03729afe19114a25d66ec820c107cf5e0d11633b30f14f9f95aa1b1f"
dependencies = [
 "html_color",
 "js",
 "spin 0.7.1",
 "web-dom",
 "web_canvas",
 "web_common",
 "web_console",
 "web_random",
 "web_timer",
 "webcomponent",
]

[[package]]
name = "web-dom"
version = "0.3.5"
source = "registry+https://github.com/rust-lang/crates.io-index"
checksum = "46f4fa74ce3cce63b0fa06dd1c6e07fdf67f8268c07701d5ae63d8920be8daf8"
dependencies = [
 "js",
]

[[package]]
name = "web_canvas"
version = "0.0.6"
source = "registry+https://github.com/rust-lang/crates.io-index"
checksum = "322059a64ce8c082b1d7fee120d357eb34158c79c53786d7dab48eb77b130918"
dependencies = [
 "js",
]

[[package]]
name = "web_common"
version = "0.3.3"
source = "registry+https://github.com/rust-lang/crates.io-index"
checksum = "73968320a0d9bbebcebf4e8fe3d405d9bb6d4651a6bfdbbc555b74c3645ac6a0"
dependencies = [
 "js",
]

[[package]]
name = "web_console"
version = "0.3.5"
source = "registry+https://github.com/rust-lang/crates.io-index"
checksum = "157d6a053f7fa6e3e3e4349f22dff94dfaa1fe55eaf7725be9e439bdbf722684"
dependencies = [
 "js",
]

[[package]]
name = "web_random"
version = "0.1.4"
source = "registry+https://github.com/rust-lang/crates.io-index"
checksum = "0df15d7283c80d9825b63df90ba40ba323d31e3e9e167f8b17a64a15aaa9b0c9"
dependencies = [
 "js",
]

[[package]]
name = "web_timer"
version = "0.2.4"
source = "registry+https://github.com/rust-lang/crates.io-index"
checksum = "d47aad20bfaed6510312b9a87e931b0ee642878dda4834d50e16933777c8fda8"
dependencies = [
 "js",
]

[[package]]
name = "webcomponent"
version = "0.6.1"
source = "registry+https://github.com/rust-lang/crates.io-index"
checksum = "f854f0c06d30daf8d102fe8455fbe851de2f69ef0bd6e78c7f76dbb91b6d7ec1"
dependencies = [
 "callback",
 "js",
 "lazy_static",
 "spin 0.7.1",
]

[[package]]
name = "woke"
version = "0.0.2"
source = "registry+https://github.com/rust-lang/crates.io-index"
checksum = "eafdab77c9ee549298ca6585107832aa89d77b14ba13cda220fec6105b17dbb1"
