# This file is automatically @generated by Cargo.
# It is not intended for manual editing.
[[package]]
name = "executor"
version = "0.1.0"
dependencies = [
 "once_cell 1.2.0 (registry+https://github.com/rust-lang/crates.io-index)",
 "woke 0.0.1 (registry+https://github.com/rust-lang/crates.io-index)",
]

[[package]]
name = "once_cell"
version = "1.2.0"
source = "registry+https://github.com/rust-lang/crates.io-index"

[[package]]
name = "woke"
version = "0.0.1"
source = "registry+https://github.com/rust-lang/crates.io-index"

[metadata]
"checksum once_cell 1.2.0 (registry+https://github.com/rust-lang/crates.io-index)" = "891f486f630e5c5a4916c7e16c4b24a53e78c860b646e9f8e005e4f16847bfed"
"checksum woke 0.0.1 (registry+https://github.com/rust-lang/crates.io-index)" = "f0ddbdda69823257b4b05e958eff0fe1fb67015d7aae68220a647165e7dfabe6"
